
Microsoft Visual Studio Solution File, Format Version 12.00
# Visual Studio Version 16
VisualStudioVersion = 16.0.30503.244
MinimumVisualStudioVersion = 10.0.40219.1
Project("{9092AA53-FB77-4645-B42D-1CCCA6BD08BD}") = "DiscordBotJS", "DiscordBotJS.njsproj", "{6D002768-CD2B-4B1E-B964-580E346A5001}"
EndProject
Global
	GlobalSection(SolutionConfigurationPlatforms) = preSolution
		Debug|Any CPU = Debug|Any CPU
		Release|Any CPU = Release|Any CPU
	EndGlobalSection
	GlobalSection(ProjectConfigurationPlatforms) = postSolution
		{6D002768-CD2B-4B1E-B964-580E346A5001}.Debug|Any CPU.ActiveCfg = Debug|Any CPU
		{6D002768-CD2B-4B1E-B964-580E346A5001}.Debug|Any CPU.Build.0 = Debug|Any CPU
		{6D002768-CD2B-4B1E-B964-580E346A5001}.Release|Any CPU.ActiveCfg = Release|Any CPU
		{6D002768-CD2B-4B1E-B964-580E346A5001}.Release|Any CPU.Build.0 = Release|Any CPU
	EndGlobalSection
	GlobalSection(SolutionProperties) = preSolution
		HideSolutionNode = FALSE
	EndGlobalSection
	GlobalSection(ExtensibilityGlobals) = postSolution
		SolutionGuid = {9A1C8F97-A509-43F2-8390-6BD79A675BA7}
	EndGlobalSection
EndGlobal
